
Microsoft Visual Studio Solution File, Format Version 12.00
# Visual Studio Version 16
VisualStudioVersion = 16.0.29411.108
MinimumVisualStudioVersion = 10.0.40219.1
Project("{9A19103F-16F7-4668-BE54-9A1E7A4F7556}") = "BR.Seed", "BR.Seed\BR.Seed.csproj", "{E0816DB5-36F3-439B-ABA6-A42A45A33E68}"
EndProject
Project("{9A19103F-16F7-4668-BE54-9A1E7A4F7556}") = "BR.Core", "BR.Core\BR.Core.csproj", "{6A735ADE-C593-403C-895C-2926BBEB5D23}"
EndProject
Project("{FAE04EC0-301F-11D3-BF4B-00C04F79EFBC}") = "BR.Core.Tests", "BR.Core.Tests\BR.Core.Tests.csproj", "{2490131A-3F2E-4513-9034-EF0C7128E58D}"
EndProject
Global
	GlobalSection(SolutionConfigurationPlatforms) = preSolution
		Debug|Any CPU = Debug|Any CPU
		Release|Any CPU = Release|Any CPU
	EndGlobalSection
	GlobalSection(ProjectConfigurationPlatforms) = postSolution
		{E0816DB5-36F3-439B-ABA6-A42A45A33E68}.Debug|Any CPU.ActiveCfg = Debug|Any CPU
		{E0816DB5-36F3-439B-ABA6-A42A45A33E68}.Debug|Any CPU.Build.0 = Debug|Any CPU
		{E0816DB5-36F3-439B-ABA6-A42A45A33E68}.Release|Any CPU.ActiveCfg = Release|Any CPU
		{E0816DB5-36F3-439B-ABA6-A42A45A33E68}.Release|Any CPU.Build.0 = Release|Any CPU
		{6A735ADE-C593-403C-895C-2926BBEB5D23}.Debug|Any CPU.ActiveCfg = Debug|Any CPU
		{6A735ADE-C593-403C-895C-2926BBEB5D23}.Debug|Any CPU.Build.0 = Debug|Any CPU
		{6A735ADE-C593-403C-895C-2926BBEB5D23}.Release|Any CPU.ActiveCfg = Release|Any CPU
		{6A735ADE-C593-403C-895C-2926BBEB5D23}.Release|Any CPU.Build.0 = Release|Any CPU
		{2490131A-3F2E-4513-9034-EF0C7128E58D}.Debug|Any CPU.ActiveCfg = Debug|Any CPU
		{2490131A-3F2E-4513-9034-EF0C7128E58D}.Debug|Any CPU.Build.0 = Debug|Any CPU
		{2490131A-3F2E-4513-9034-EF0C7128E58D}.Release|Any CPU.ActiveCfg = Release|Any CPU
		{2490131A-3F2E-4513-9034-EF0C7128E58D}.Release|Any CPU.Build.0 = Release|Any CPU
	EndGlobalSection
	GlobalSection(SolutionProperties) = preSolution
		HideSolutionNode = FALSE
	EndGlobalSection
	GlobalSection(ExtensibilityGlobals) = postSolution
		SolutionGuid = {37F4A20E-E45D-4809-8B12-9E88F8EF36B6}
	EndGlobalSection
EndGlobal
